PODS:
  - Fetchable (0.9)
  - MagicalRecord (2.2):
    - MagicalRecord/Core
  - MagicalRecord/Core (2.2)

DEPENDENCIES:
  - Fetchable (from `../Fetchable.podspec`)
  - MagicalRecord (~> 2.2)

EXTERNAL SOURCES:
  Fetchable:
    :path: ../Fetchable.podspec

SPEC CHECKSUMS:
  Fetchable: cc47a7f8b7421553f34b5a705e7a4aa162efe4c1
  MagicalRecord: 2b471584fc9e3137f3d0a56967917baa4979e224

COCOAPODS: 0.33.1
