PODS:
  - Fetchable (0.9.2)
  - MagicalRecord (2.2):
    - MagicalRecord/Core
  - MagicalRecord/Core (2.2)

DEPENDENCIES:
  - Fetchable (from `../`)
  - MagicalRecord (~> 2.2)

EXTERNAL SOURCES:
  Fetchable:
    :path: ../

SPEC CHECKSUMS:
  Fetchable: ce21cc81d43eed96931e30bb3108247a43b0b710
  MagicalRecord: 2b471584fc9e3137f3d0a56967917baa4979e224

COCOAPODS: 0.33.1
