// !$*UTF8*$!
{
	archiveVersion = 1;
	classes = {
	};
	objectVersion = 46;
	objects = {

/* Begin PBXAggregateTarget section */
		F8B7C67D18B5CA1C00A9365E /* Mogenerator */ = {
			isa = PBXAggregateTarget;
			buildConfigurationList = F8B7C67E18B5CA1D00A9365E /* Build configuration list for PBXAggregateTarget "Mogenerator" */;
			buildPhases = (
				F8B7C68118B5CA3600A9365E /* Mogenerator */,
			);
			dependencies = (
			);
			name = Mogenerator;
			productName = Mogenerator;
		};
/* End PBXAggregateTarget section */

/* Begin PBXBuildFile section */
		A2EDC3F5B1C14CD69931516E /* libPods.a in Frameworks */ = {isa = PBXBuildFile; fileRef = 4045EEC386B4438798502151 /* libPods.a */; };
		F857E68A18C75A00005EADD5 /* FBLDataManager.m in Sources */ = {isa = PBXBuildFile; fileRef = F857E68918C75A00005EADD5 /* FBLDataManager.m */; };
		F857E68D18C75BD2005EADD5 /* FBLBookViewController.m in Sources */ = {isa = PBXBuildFile; fileRef = F857E68C18C75BD2005EADD5 /* FBLBookViewController.m */; };
		F8711D3718BCD99D004797A4 /* _Author.m in Sources */ = {isa = PBXBuildFile; fileRef = F8711D3018BCD99D004797A4 /* _Author.m */; };
		F8711D3818BCD99D004797A4 /* _Book.m in Sources */ = {isa = PBXBuildFile; fileRef = F8711D3218BCD99D004797A4 /* _Book.m */; };
		F8711D3918BCD99D004797A4 /* _Format.m in Sources */ = {isa = PBXBuildFile; fileRef = F8711D3418BCD99D004797A4 /* _Format.m */; };
		F8711D3A18BCD99D004797A4 /* _Publisher.m in Sources */ = {isa = PBXBuildFile; fileRef = F8711D3618BCD99D004797A4 /* _Publisher.m */; };
		F8711D4318BCD9A9004797A4 /* Author.m in Sources */ = {isa = PBXBuildFile; fileRef = F8711D3C18BCD9A9004797A4 /* Author.m */; };
		F8711D4418BCD9A9004797A4 /* Book.m in Sources */ = {isa = PBXBuildFile; fileRef = F8711D3E18BCD9A9004797A4 /* Book.m */; };
		F8711D4518BCD9A9004797A4 /* Format.m in Sources */ = {isa = PBXBuildFile; fileRef = F8711D4018BCD9A9004797A4 /* Format.m */; };
		F8711D4618BCD9A9004797A4 /* Publisher.m in Sources */ = {isa = PBXBuildFile; fileRef = F8711D4218BCD9A9004797A4 /* Publisher.m */; };
		F89DC47618616BF400FEB151 /* Foundation.framework in Frameworks */ = {isa = PBXBuildFile; fileRef = F89DC47518616BF400FEB151 /* Foundation.framework */; };
		F89DC47818616BF400FEB151 /* CoreGraphics.framework in Frameworks */ = {isa = PBXBuildFile; fileRef = F89DC47718616BF400FEB151 /* CoreGraphics.framework */; };
		F89DC47A18616BF400FEB151 /* UIKit.framework in Frameworks */ = {isa = PBXBuildFile; fileRef = F89DC47918616BF400FEB151 /* UIKit.framework */; };
		F89DC48F18616BF400FEB151 /* XCTest.framework in Frameworks */ = {isa = PBXBuildFile; fileRef = F89DC48E18616BF400FEB151 /* XCTest.framework */; };
		F89DC49018616BF400FEB151 /* Foundation.framework in Frameworks */ = {isa = PBXBuildFile; fileRef = F89DC47518616BF400FEB151 /* Foundation.framework */; };
		F89DC49118616BF400FEB151 /* UIKit.framework in Frameworks */ = {isa = PBXBuildFile; fileRef = F89DC47918616BF400FEB151 /* UIKit.framework */; };
		F89DC49918616BF400FEB151 /* InfoPlist.strings in Resources */ = {isa = PBXBuildFile; fileRef = F89DC49718616BF400FEB151 /* InfoPlist.strings */; };
		F8B7C67218B5C71600A9365E /* Images.xcassets in Resources */ = {isa = PBXBuildFile; fileRef = F8B7C67118B5C71600A9365E /* Images.xcassets */; };
		F8B7C67618B5C82800A9365E /* FBLTableViewController.m in Sources */ = {isa = PBXBuildFile; fileRef = F8B7C67518B5C82800A9365E /* FBLTableViewController.m */; };
		F8B7C68718B5CB8900A9365E /* Fetchable.xcdatamodeld in Sources */ = {isa = PBXBuildFile; fileRef = F8B7C68518B5CB8900A9365E /* Fetchable.xcdatamodeld */; };
		F8C5CCEC18B5C31E006CF7A8 /* main.m in Sources */ = {isa = PBXBuildFile; fileRef = F8C5CCEB18B5C31E006CF7A8 /* main.m */; };
		F8C5CCEF18B5C3E8006CF7A8 /* AppDelegate.m in Sources */ = {isa = PBXBuildFile; fileRef = F8C5CCEE18B5C3E8006CF7A8 /* AppDelegate.m */; };
		F8C5CCF218B5C5DC006CF7A8 /* Main_iPhone.storyboard in Resources */ = {isa = PBXBuildFile; fileRef = F8C5CCF118B5C5DC006CF7A8 /* Main_iPhone.storyboard */; };
/* End PBXBuildFile section */

/* Begin PBXContainerItemProxy section */
		F89DC49218616BF400FEB151 /* PBXContainerItemProxy */ = {
			isa = PBXContainerItemProxy;
			containerPortal = F89DC46A18616BF400FEB151 /* Project object */;
			proxyType = 1;
			remoteGlobalIDString = F89DC47118616BF400FEB151;
			remoteInfo = Fetchable;
		};
/* End PBXContainerItemProxy section */

/* Begin PBXFileReference section */
		4045EEC386B4438798502151 /* libPods.a */ = {isa = PBXFileReference; explicitFileType = archive.ar; includeInIndex = 0; path = libPods.a; sourceTree = BUILT_PRODUCTS_DIR; };
		B0BFC14ED0004481817FF319 /* Pods.xcconfig */ = {isa = PBXFileReference; includeInIndex = 1; lastKnownFileType = text.xcconfig; name = Pods.xcconfig; path = Pods/Pods.xcconfig; sourceTree = "<group>"; };
		F857E68818C75A00005EADD5 /* FBLDataManager.h */ = {isa = PBXFileReference; fileEncoding = 4; lastKnownFileType = sourcecode.c.h; path = FBLDataManager.h; sourceTree = "<group>"; };
		F857E68918C75A00005EADD5 /* FBLDataManager.m */ = {isa = PBXFileReference; fileEncoding = 4; lastKnownFileType = sourcecode.c.objc; path = FBLDataManager.m; sourceTree = "<group>"; };
		F857E68B18C75BD2005EADD5 /* FBLBookViewController.h */ = {isa = PBXFileReference; fileEncoding = 4; lastKnownFileType = sourcecode.c.h; path = FBLBookViewController.h; sourceTree = "<group>"; };
		F857E68C18C75BD2005EADD5 /* FBLBookViewController.m */ = {isa = PBXFileReference; fileEncoding = 4; lastKnownFileType = sourcecode.c.objc; path = FBLBookViewController.m; sourceTree = "<group>"; };
		F8711D2F18BCD99D004797A4 /* _Author.h */ = {isa = PBXFileReference; fileEncoding = 4; lastKnownFileType = sourcecode.c.h; path = _Author.h; sourceTree = "<group>"; };
		F8711D3018BCD99D004797A4 /* _Author.m */ = {isa = PBXFileReference; fileEncoding = 4; lastKnownFileType = sourcecode.c.objc; path = _Author.m; sourceTree = "<group>"; };
		F8711D3118BCD99D004797A4 /* _Book.h */ = {isa = PBXFileReference; fileEncoding = 4; lastKnownFileType = sourcecode.c.h; path = _Book.h; sourceTree = "<group>"; };
		F8711D3218BCD99D004797A4 /* _Book.m */ = {isa = PBXFileReference; fileEncoding = 4; lastKnownFileType = sourcecode.c.objc; path = _Book.m; sourceTree = "<group>"; };
		F8711D3318BCD99D004797A4 /* _Format.h */ = {isa = PBXFileReference; fileEncoding = 4; lastKnownFileType = sourcecode.c.h; path = _Format.h; sourceTree = "<group>"; };
		F8711D3418BCD99D004797A4 /* _Format.m */ = {isa = PBXFileReference; fileEncoding = 4; lastKnownFileType = sourcecode.c.objc; path = _Format.m; sourceTree = "<group>"; };
		F8711D3518BCD99D004797A4 /* _Publisher.h */ = {isa = PBXFileReference; fileEncoding = 4; lastKnownFileType = sourcecode.c.h; path = _Publisher.h; sourceTree = "<group>"; };
		F8711D3618BCD99D004797A4 /* _Publisher.m */ = {isa = PBXFileReference; fileEncoding = 4; lastKnownFileType = sourcecode.c.objc; path = _Publisher.m; sourceTree = "<group>"; };
		F8711D3B18BCD9A9004797A4 /* Author.h */ = {isa = PBXFileReference; fileEncoding = 4; lastKnownFileType = sourcecode.c.h; path = Author.h; sourceTree = "<group>"; };
		F8711D3C18BCD9A9004797A4 /* Author.m */ = {isa = PBXFileReference; fileEncoding = 4; lastKnownFileType = sourcecode.c.objc; path = Author.m; sourceTree = "<group>"; };
		F8711D3D18BCD9A9004797A4 /* Book.h */ = {isa = PBXFileReference; fileEncoding = 4; lastKnownFileType = sourcecode.c.h; path = Book.h; sourceTree = "<group>"; };
		F8711D3E18BCD9A9004797A4 /* Book.m */ = {isa = PBXFileReference; fileEncoding = 4; lastKnownFileType = sourcecode.c.objc; path = Book.m; sourceTree = "<group>"; };
		F8711D3F18BCD9A9004797A4 /* Format.h */ = {isa = PBXFileReference; fileEncoding = 4; lastKnownFileType = sourcecode.c.h; path = Format.h; sourceTree = "<group>"; };
		F8711D4018BCD9A9004797A4 /* Format.m */ = {isa = PBXFileReference; fileEncoding = 4; lastKnownFileType = sourcecode.c.objc; path = Format.m; sourceTree = "<group>"; };
		F8711D4118BCD9A9004797A4 /* Publisher.h */ = {isa = PBXFileReference; fileEncoding = 4; lastKnownFileType = sourcecode.c.h; path = Publisher.h; sourceTree = "<group>"; };
		F8711D4218BCD9A9004797A4 /* Publisher.m */ = {isa = PBXFileReference; fileEncoding = 4; lastKnownFileType = sourcecode.c.objc; path = Publisher.m; sourceTree = "<group>"; };
		F89DC47218616BF400FEB151 /* FetchableExample.app */ = {isa = PBXFileReference; explicitFileType = wrapper.application; includeInIndex = 0; path = FetchableExample.app; sourceTree = BUILT_PRODUCTS_DIR; };
		F89DC47518616BF400FEB151 /* Foundation.framework */ = {isa = PBXFileReference; lastKnownFileType = wrapper.framework; name = Foundation.framework; path = System/Library/Frameworks/Foundation.framework; sourceTree = SDKROOT; };
		F89DC47718616BF400FEB151 /* CoreGraphics.framework */ = {isa = PBXFileReference; lastKnownFileType = wrapper.framework; name = CoreGraphics.framework; path = System/Library/Frameworks/CoreGraphics.framework; sourceTree = SDKROOT; };
		F89DC47918616BF400FEB151 /* UIKit.framework */ = {isa = PBXFileReference; lastKnownFileType = wrapper.framework; name = UIKit.framework; path = System/Library/Frameworks/UIKit.framework; sourceTree = SDKROOT; };
		F89DC47D18616BF400FEB151 /* FetchableExample-Info.plist */ = {isa = PBXFileReference; lastKnownFileType = text.plist.xml; path = "FetchableExample-Info.plist"; sourceTree = "<group>"; };
		F89DC48318616BF400FEB151 /* FetchableExample-Prefix.pch */ = {isa = PBXFileReference; lastKnownFileType = sourcecode.c.h; path = "FetchableExample-Prefix.pch"; sourceTree = "<group>"; };
		F89DC48D18616BF400FEB151 /* FetchableExampleTests.xctest */ = {isa = PBXFileReference; explicitFileType = wrapper.cfbundle; includeInIndex = 0; path = FetchableExampleTests.xctest; sourceTree = BUILT_PRODUCTS_DIR; };
		F89DC48E18616BF400FEB151 /* XCTest.framework */ = {isa = PBXFileReference; lastKnownFileType = wrapper.framework; name = XCTest.framework; path = Library/Frameworks/XCTest.framework; sourceTree = DEVELOPER_DIR; };
		F89DC49618616BF400FEB151 /* FetchableExampleTests-Info.plist */ = {isa = PBXFileReference; lastKnownFileType = text.plist.xml; path = "FetchableExampleTests-Info.plist"; sourceTree = "<group>"; };
		F89DC49818616BF400FEB151 /* en */ = {isa = PBXFileReference; lastKnownFileType = text.plist.strings; name = en; path = en.lproj/InfoPlist.strings; sourceTree = "<group>"; };
		F8B7C67118B5C71600A9365E /* Images.xcassets */ = {isa = PBXFileReference; lastKnownFileType = folder.assetcatalog; path = Images.xcassets; sourceTree = "<group>"; };
		F8B7C67418B5C82800A9365E /* FBLTableViewController.h */ = {isa = PBXFileReference; fileEncoding = 4; lastKnownFileType = sourcecode.c.h; path = FBLTableViewController.h; sourceTree = "<group>"; };
		F8B7C67518B5C82800A9365E /* FBLTableViewController.m */ = {isa = PBXFileReference; fileEncoding = 4; lastKnownFileType = sourcecode.c.objc; lineEnding = 0; path = FBLTableViewController.m; sourceTree = "<group>"; xcLanguageSpecificationIdentifier = xcode.lang.objc; };
		F8B7C67818B5C94600A9365E /* mogenerator.sh */ = {isa = PBXFileReference; lastKnownFileType = text.script.sh; path = mogenerator.sh; sourceTree = "<group>"; };
		F8B7C68618B5CB8900A9365E /* Fetchable.xcdatamodel */ = {isa = PBXFileReference; lastKnownFileType = wrapper.xcdatamodel; path = Fetchable.xcdatamodel; sourceTree = "<group>"; };
		F8C5CCEB18B5C31E006CF7A8 /* main.m */ = {isa = PBXFileReference; fileEncoding = 4; lastKnownFileType = sourcecode.c.objc; path = main.m; sourceTree = "<group>"; };
		F8C5CCED18B5C3E8006CF7A8 /* AppDelegate.h */ = {isa = PBXFileReference; fileEncoding = 4; lastKnownFileType = sourcecode.c.h; path = AppDelegate.h; sourceTree = "<group>"; };
		F8C5CCEE18B5C3E8006CF7A8 /* AppDelegate.m */ = {isa = PBXFileReference; fileEncoding = 4; lastKnownFileType = sourcecode.c.objc; path = AppDelegate.m; sourceTree = "<group>"; };
		F8C5CCF118B5C5DC006CF7A8 /* Main_iPhone.storyboard */ = {isa = PBXFileReference; fileEncoding = 4; lastKnownFileType = file.storyboard; path = Main_iPhone.storyboard; sourceTree = "<group>"; };
/* End PBXFileReference section */

/* Begin PBXFrameworksBuildPhase section */
		F89DC46F18616BF400FEB151 /* Frameworks */ = {
			isa = PBXFrameworksBuildPhase;
			buildActionMask = 2147483647;
			files = (
				F89DC47818616BF400FEB151 /* CoreGraphics.framework in Frameworks */,
				F89DC47618616BF400FEB151 /* Foundation.framework in Frameworks */,
				F89DC47A18616BF400FEB151 /* UIKit.framework in Frameworks */,
				A2EDC3F5B1C14CD69931516E /* libPods.a in Frameworks */,
			);
			runOnlyForDeploymentPostprocessing = 0;
		};
		F89DC48A18616BF400FEB151 /* Frameworks */ = {
			isa = PBXFrameworksBuildPhase;
			buildActionMask = 2147483647;
			files = (
				F89DC48F18616BF400FEB151 /* XCTest.framework in Frameworks */,
				F89DC49118616BF400FEB151 /* UIKit.framework in Frameworks */,
				F89DC49018616BF400FEB151 /* Foundation.framework in Frameworks */,
			);
			runOnlyForDeploymentPostprocessing = 0;
		};
/* End PBXFrameworksBuildPhase section */

/* Begin PBXGroup section */
		F89DC46918616BF400FEB151 = {
			isa = PBXGroup;
			children = (
				F89DC47B18616BF400FEB151 /* FetchableExample */,
				F89DC49418616BF400FEB151 /* Tests */,
				F89DC47418616BF400FEB151 /* Frameworks */,
				F89DC47318616BF400FEB151 /* Products */,
				B0BFC14ED0004481817FF319 /* Pods.xcconfig */,
			);
			sourceTree = "<group>";
		};
		F89DC47318616BF400FEB151 /* Products */ = {
			isa = PBXGroup;
			children = (
				F89DC47218616BF400FEB151 /* FetchableExample.app */,
				F89DC48D18616BF400FEB151 /* FetchableExampleTests.xctest */,
			);
			name = Products;
			sourceTree = "<group>";
		};
		F89DC47418616BF400FEB151 /* Frameworks */ = {
			isa = PBXGroup;
			children = (
				F89DC47518616BF400FEB151 /* Foundation.framework */,
				F89DC47718616BF400FEB151 /* CoreGraphics.framework */,
				F89DC47918616BF400FEB151 /* UIKit.framework */,
				F89DC48E18616BF400FEB151 /* XCTest.framework */,
				4045EEC386B4438798502151 /* libPods.a */,
			);
			name = Frameworks;
			sourceTree = "<group>";
		};
		F89DC47B18616BF400FEB151 /* FetchableExample */ = {
			isa = PBXGroup;
			children = (
				F8C5CCED18B5C3E8006CF7A8 /* AppDelegate.h */,
				F8C5CCEE18B5C3E8006CF7A8 /* AppDelegate.m */,
				F8B7C67318B5C7EC00A9365E /* Classes */,
				F8B7C68218B5CB4800A9365E /* Model */,
				F8C5CCF018B5C5B5006CF7A8 /* Resources */,
				F89DC47C18616BF400FEB151 /* Support */,
			);
			path = FetchableExample;
			sourceTree = "<group>";
		};
		F89DC47C18616BF400FEB151 /* Support */ = {
			isa = PBXGroup;
			children = (
				F89DC47D18616BF400FEB151 /* FetchableExample-Info.plist */,
				F89DC48318616BF400FEB151 /* FetchableExample-Prefix.pch */,
				F8C5CCEB18B5C31E006CF7A8 /* main.m */,
				F8B7C67718B5C92700A9365E /* Scripts */,
			);
			path = Support;
			sourceTree = "<group>";
		};
		F89DC49418616BF400FEB151 /* Tests */ = {
			isa = PBXGroup;
			children = (
				F89DC49518616BF400FEB151 /* Supporting Files */,
			);
			path = Tests;
			sourceTree = "<group>";
		};
		F89DC49518616BF400FEB151 /* Supporting Files */ = {
			isa = PBXGroup;
			children = (
				F89DC49618616BF400FEB151 /* FetchableExampleTests-Info.plist */,
				F89DC49718616BF400FEB151 /* InfoPlist.strings */,
			);
			name = "Supporting Files";
			sourceTree = "<group>";
		};
		F8B7C67318B5C7EC00A9365E /* Classes */ = {
			isa = PBXGroup;
			children = (
				F857E68B18C75BD2005EADD5 /* FBLBookViewController.h */,
				F857E68C18C75BD2005EADD5 /* FBLBookViewController.m */,
				F857E68818C75A00005EADD5 /* FBLDataManager.h */,
				F857E68918C75A00005EADD5 /* FBLDataManager.m */,
				F8B7C67418B5C82800A9365E /* FBLTableViewController.h */,
				F8B7C67518B5C82800A9365E /* FBLTableViewController.m */,
			);
			path = Classes;
			sourceTree = "<group>";
		};
		F8B7C67718B5C92700A9365E /* Scripts */ = {
			isa = PBXGroup;
			children = (
				F8B7C67818B5C94600A9365E /* mogenerator.sh */,
			);
			path = Scripts;
			sourceTree = "<group>";
		};
		F8B7C68218B5CB4800A9365E /* Model */ = {
			isa = PBXGroup;
			children = (
				F8B7C68518B5CB8900A9365E /* Fetchable.xcdatamodeld */,
				F8B7C68318B5CB4C00A9365E /* Managed Objects */,
			);
			path = Model;
			sourceTree = "<group>";
		};
		F8B7C68318B5CB4C00A9365E /* Managed Objects */ = {
			isa = PBXGroup;
			children = (
				F8711D3B18BCD9A9004797A4 /* Author.h */,
				F8711D3C18BCD9A9004797A4 /* Author.m */,
				F8711D3D18BCD9A9004797A4 /* Book.h */,
				F8711D3E18BCD9A9004797A4 /* Book.m */,
				F8711D3F18BCD9A9004797A4 /* Format.h */,
				F8711D4018BCD9A9004797A4 /* Format.m */,
				F8711D4118BCD9A9004797A4 /* Publisher.h */,
				F8711D4218BCD9A9004797A4 /* Publisher.m */,
				F8B7C68418B5CB5400A9365E /* _Generated */,
			);
			path = "Managed Objects";
			sourceTree = "<group>";
		};
		F8B7C68418B5CB5400A9365E /* _Generated */ = {
			isa = PBXGroup;
			children = (
				F8711D2F18BCD99D004797A4 /* _Author.h */,
				F8711D3018BCD99D004797A4 /* _Author.m */,
				F8711D3118BCD99D004797A4 /* _Book.h */,
				F8711D3218BCD99D004797A4 /* _Book.m */,
				F8711D3318BCD99D004797A4 /* _Format.h */,
				F8711D3418BCD99D004797A4 /* _Format.m */,
				F8711D3518BCD99D004797A4 /* _Publisher.h */,
				F8711D3618BCD99D004797A4 /* _Publisher.m */,
			);
			path = _Generated;
			sourceTree = "<group>";
		};
		F8C5CCF018B5C5B5006CF7A8 /* Resources */ = {
			isa = PBXGroup;
			children = (
				F8B7C67118B5C71600A9365E /* Images.xcassets */,
				F8C5CCF118B5C5DC006CF7A8 /* Main_iPhone.storyboard */,
			);
			path = Resources;
			sourceTree = "<group>";
		};
/* End PBXGroup section */

/* Begin PBXNativeTarget section */
		F89DC47118616BF400FEB151 /* FetchableExample */ = {
			isa = PBXNativeTarget;
			buildConfigurationList = F89DC49E18616BF400FEB151 /* Build configuration list for PBXNativeTarget "FetchableExample" */;
			buildPhases = (
				8291F1672F944086AF618C49 /* Check Pods Manifest.lock */,
				F89DC46E18616BF400FEB151 /* Sources */,
				F89DC46F18616BF400FEB151 /* Frameworks */,
				F89DC47018616BF400FEB151 /* Resources */,
				4B10E0EE806546FC8358C524 /* Copy Pods Resources */,
			);
			buildRules = (
			);
			dependencies = (
			);
			name = FetchableExample;
			productName = Fetchable;
			productReference = F89DC47218616BF400FEB151 /* FetchableExample.app */;
			productType = "com.apple.product-type.application";
		};
		F89DC48C18616BF400FEB151 /* FetchableExampleTests */ = {
			isa = PBXNativeTarget;
			buildConfigurationList = F89DC4A118616BF400FEB151 /* Build configuration list for PBXNativeTarget "FetchableExampleTests" */;
			buildPhases = (
				F89DC48918616BF400FEB151 /* Sources */,
				F89DC48A18616BF400FEB151 /* Frameworks */,
				F89DC48B18616BF400FEB151 /* Resources */,
			);
			buildRules = (
			);
			dependencies = (
				F89DC49318616BF400FEB151 /* PBXTargetDependency */,
			);
			name = FetchableExampleTests;
			productName = FetchableTests;
			productReference = F89DC48D18616BF400FEB151 /* FetchableExampleTests.xctest */;
			productType = "com.apple.product-type.bundle.unit-test";
		};
/* End PBXNativeTarget section */

/* Begin PBXProject section */
		F89DC46A18616BF400FEB151 /* Project object */ = {
			isa = PBXProject;
			attributes = {
				CLASSPREFIX = FBL;
				LastUpgradeCheck = 0600;
				TargetAttributes = {
					F89DC48C18616BF400FEB151 = {
						TestTargetID = F89DC47118616BF400FEB151;
					};
				};
			};
			buildConfigurationList = F89DC46D18616BF400FEB151 /* Build configuration list for PBXProject "FetchableExample" */;
			compatibilityVersion = "Xcode 3.2";
			developmentRegion = English;
			hasScannedForEncodings = 0;
			knownRegions = (
				en,
			);
			mainGroup = F89DC46918616BF400FEB151;
			productRefGroup = F89DC47318616BF400FEB151 /* Products */;
			projectDirPath = "";
			projectRoot = "";
			targets = (
				F89DC47118616BF400FEB151 /* FetchableExample */,
				F89DC48C18616BF400FEB151 /* FetchableExampleTests */,
				F8B7C67D18B5CA1C00A9365E /* Mogenerator */,
			);
		};
/* End PBXProject section */

/* Begin PBXResourcesBuildPhase section */
		F89DC47018616BF400FEB151 /* Resources */ = {
			isa = PBXResourcesBuildPhase;
			buildActionMask = 2147483647;
			files = (
				F8C5CCF218B5C5DC006CF7A8 /* Main_iPhone.storyboard in Resources */,
				F8B7C67218B5C71600A9365E /* Images.xcassets in Resources */,
			);
			runOnlyForDeploymentPostprocessing = 0;
		};
		F89DC48B18616BF400FEB151 /* Resources */ = {
			isa = PBXResourcesBuildPhase;
			buildActionMask = 2147483647;
			files = (
				F89DC49918616BF400FEB151 /* InfoPlist.strings in Resources */,
			);
			runOnlyForDeploymentPostprocessing = 0;
		};
/* End PBXResourcesBuildPhase section */

/* Begin PBXShellScriptBuildPhase section */
		4B10E0EE806546FC8358C524 /* Copy Pods Resources */ = {
			isa = PBXShellScriptBuildPhase;
			buildActionMask = 2147483647;
			files = (
			);
			inputPaths = (
			);
			name = "Copy Pods Resources";
			outputPaths = (
			);
			runOnlyForDeploymentPostprocessing = 0;
			shellPath = /bin/sh;
			shellScript = "\"${SRCROOT}/Pods/Pods-resources.sh\"\n";
			showEnvVarsInLog = 0;
		};
		8291F1672F944086AF618C49 /* Check Pods Manifest.lock */ = {
			isa = PBXShellScriptBuildPhase;
			buildActionMask = 2147483647;
			files = (
			);
			inputPaths = (
			);
			name = "Check Pods Manifest.lock";
			outputPaths = (
			);
			runOnlyForDeploymentPostprocessing = 0;
			shellPath = /bin/sh;
			shellScript = "diff \"${PODS_ROOT}/../Podfile.lock\" \"${PODS_ROOT}/Manifest.lock\" > /dev/null\nif [[ $? != 0 ]] ; then\n    cat << EOM\nerror: The sandbox is not in sync with the Podfile.lock. Run 'pod install' or update your CocoaPods installation.\nEOM\n    exit 1\nfi\n";
			showEnvVarsInLog = 0;
		};
		F8B7C68118B5CA3600A9365E /* Mogenerator */ = {
			isa = PBXShellScriptBuildPhase;
			buildActionMask = 2147483647;
			files = (
			);
			inputPaths = (
			);
			name = Mogenerator;
			outputPaths = (
			);
			runOnlyForDeploymentPostprocessing = 0;
			shellPath = /bin/sh;
			shellScript = "\"${SRCROOT}/${PROJECT_NAME}/Support/Scripts/mogenerator.sh\"";
		};
/* End PBXShellScriptBuildPhase section */

/* Begin PBXSourcesBuildPhase section */
		F89DC46E18616BF400FEB151 /* Sources */ = {
			isa = PBXSourcesBuildPhase;
			buildActionMask = 2147483647;
			files = (
				F857E68D18C75BD2005EADD5 /* FBLBookViewController.m in Sources */,
				F8711D4518BCD9A9004797A4 /* Format.m in Sources */,
				F8711D4418BCD9A9004797A4 /* Book.m in Sources */,
				F8711D3818BCD99D004797A4 /* _Book.m in Sources */,
				F8B7C67618B5C82800A9365E /* FBLTableViewController.m in Sources */,
				F8711D4618BCD9A9004797A4 /* Publisher.m in Sources */,
				F8711D4318BCD9A9004797A4 /* Author.m in Sources */,
				F8C5CCEF18B5C3E8006CF7A8 /* AppDelegate.m in Sources */,
				F8C5CCEC18B5C31E006CF7A8 /* main.m in Sources */,
				F8711D3A18BCD99D004797A4 /* _Publisher.m in Sources */,
				F857E68A18C75A00005EADD5 /* FBLDataManager.m in Sources */,
				F8B7C68718B5CB8900A9365E /* Fetchable.xcdatamodeld in Sources */,
				F8711D3718BCD99D004797A4 /* _Author.m in Sources */,
				F8711D3918BCD99D004797A4 /* _Format.m in Sources */,
			);
			runOnlyForDeploymentPostprocessing = 0;
		};
		F89DC48918616BF400FEB151 /* Sources */ = {
			isa = PBXSourcesBuildPhase;
			buildActionMask = 2147483647;
			files = (
			);
			runOnlyForDeploymentPostprocessing = 0;
		};
/* End PBXSourcesBuildPhase section */

/* Begin PBXTargetDependency section */
		F89DC49318616BF400FEB151 /* PBXTargetDependency */ = {
			isa = PBXTargetDependency;
			target = F89DC47118616BF400FEB151 /* FetchableExample */;
			targetProxy = F89DC49218616BF400FEB151 /* PBXContainerItemProxy */;
		};
/* End PBXTargetDependency section */

/* Begin PBXVariantGroup section */
		F89DC49718616BF400FEB151 /* InfoPlist.strings */ = {
			isa = PBXVariantGroup;
			children = (
				F89DC49818616BF400FEB151 /* en */,
			);
			name = InfoPlist.strings;
			sourceTree = "<group>";
		};
/* End PBXVariantGroup section */

/* Begin XCBuildConfiguration section */
		F89DC49C18616BF400FEB151 /* Debug */ = {
			isa = XCBuildConfiguration;
			buildSettings = {
				ALWAYS_SEARCH_USER_PATHS = NO;
				CLANG_CXX_LANGUAGE_STANDARD = "gnu++0x";
				CLANG_CXX_LIBRARY = "libc++";
				CLANG_ENABLE_MODULES = YES;
				CLANG_ENABLE_OBJC_ARC = YES;
				CLANG_WARN_BOOL_CONVERSION = YES;
				CLANG_WARN_CONSTANT_CONVERSION = YES;
				CLANG_WARN_DIRECT_OBJC_ISA_USAGE = YES_ERROR;
				CLANG_WARN_EMPTY_BODY = YES;
				CLANG_WARN_ENUM_CONVERSION = YES;
				CLANG_WARN_INT_CONVERSION = YES;
				CLANG_WARN_OBJC_ROOT_CLASS = YES_ERROR;
				CLANG_WARN__DUPLICATE_METHOD_MATCH = YES;
				"CODE_SIGN_IDENTITY[sdk=iphoneos*]" = "iPhone Developer";
				COPY_PHASE_STRIP = NO;
				GCC_C_LANGUAGE_STANDARD = gnu99;
				GCC_DYNAMIC_NO_PIC = NO;
				GCC_OPTIMIZATION_LEVEL = 0;
				GCC_PREPROCESSOR_DEFINITIONS = (
					"DEBUG=1",
					"$(inherited)",
				);
				GCC_SYMBOLS_PRIVATE_EXTERN = NO;
				GCC_WARN_64_TO_32_BIT_CONVERSION = YES;
				GCC_WARN_ABOUT_RETURN_TYPE = YES_ERROR;
				GCC_WARN_UNDECLARED_SELECTOR = YES;
				GCC_WARN_UNINITIALIZED_AUTOS = YES_AGGRESSIVE;
				GCC_WARN_UNUSED_FUNCTION = YES;
				GCC_WARN_UNUSED_VARIABLE = YES;
				IPHONEOS_DEPLOYMENT_TARGET = 7.1;
				ONLY_ACTIVE_ARCH = YES;
				SDKROOT = iphoneos;
				TARGETED_DEVICE_FAMILY = "1,2";
			};
			name = Debug;
		};
		F89DC49D18616BF400FEB151 /* Release */ = {
			isa = XCBuildConfiguration;
			buildSettings = {
				ALWAYS_SEARCH_USER_PATHS = NO;
				CLANG_CXX_LANGUAGE_STANDARD = "gnu++0x";
				CLANG_CXX_LIBRARY = "libc++";
				CLANG_ENABLE_MODULES = YES;
				CLANG_ENABLE_OBJC_ARC = YES;
				CLANG_WARN_BOOL_CONVERSION = YES;
				CLANG_WARN_CONSTANT_CONVERSION = YES;
				CLANG_WARN_DIRECT_OBJC_ISA_USAGE = YES_ERROR;
				CLANG_WARN_EMPTY_BODY = YES;
				CLANG_WARN_ENUM_CONVERSION = YES;
				CLANG_WARN_INT_CONVERSION = YES;
				CLANG_WARN_OBJC_ROOT_CLASS = YES_ERROR;
				CLANG_WARN__DUPLICATE_METHOD_MATCH = YES;
				"CODE_SIGN_IDENTITY[sdk=iphoneos*]" = "iPhone Developer";
				COPY_PHASE_STRIP = YES;
				ENABLE_NS_ASSERTIONS = NO;
				GCC_C_LANGUAGE_STANDARD = gnu99;
				GCC_WARN_64_TO_32_BIT_CONVERSION = YES;
				GCC_WARN_ABOUT_RETURN_TYPE = YES_ERROR;
				GCC_WARN_UNDECLARED_SELECTOR = YES;
				GCC_WARN_UNINITIALIZED_AUTOS = YES_AGGRESSIVE;
				GCC_WARN_UNUSED_FUNCTION = YES;
				GCC_WARN_UNUSED_VARIABLE = YES;
				IPHONEOS_DEPLOYMENT_TARGET = 7.1;
				SDKROOT = iphoneos;
				TARGETED_DEVICE_FAMILY = "1,2";
				VALIDATE_PRODUCT = YES;
			};
			name = Release;
		};
		F89DC49F18616BF400FEB151 /* Debug */ = {
			isa = XCBuildConfiguration;
			baseConfigurationReference = B0BFC14ED0004481817FF319 /* Pods.xcconfig */;
			buildSettings = {
				ASSETCATALOG_COMPILER_APPICON_NAME = AppIcon;
				ASSETCATALOG_COMPILER_LAUNCHIMAGE_NAME = LaunchImage;
				GCC_PRECOMPILE_PREFIX_HEADER = YES;
				GCC_PREFIX_HEADER = "FetchableExample/Support/FetchableExample-Prefix.pch";
				INFOPLIST_FILE = "FetchableExample/Support/FetchableExample-Info.plist";
				PRODUCT_NAME = FetchableExample;
				WRAPPER_EXTENSION = app;
			};
			name = Debug;
		};
		F89DC4A018616BF400FEB151 /* Release */ = {
			isa = XCBuildConfiguration;
			baseConfigurationReference = B0BFC14ED0004481817FF319 /* Pods.xcconfig */;
			buildSettings = {
				ASSETCATALOG_COMPILER_APPICON_NAME = AppIcon;
				ASSETCATALOG_COMPILER_LAUNCHIMAGE_NAME = LaunchImage;
				GCC_PRECOMPILE_PREFIX_HEADER = YES;
				GCC_PREFIX_HEADER = "FetchableExample/Support/FetchableExample-Prefix.pch";
				INFOPLIST_FILE = "FetchableExample/Support/FetchableExample-Info.plist";
				PRODUCT_NAME = FetchableExample;
				WRAPPER_EXTENSION = app;
			};
			name = Release;
		};
		F89DC4A218616BF400FEB151 /* Debug */ = {
			isa = XCBuildConfiguration;
			buildSettings = {
				BUNDLE_LOADER = "$(BUILT_PRODUCTS_DIR)/Fetchable.app/Fetchable";
				FRAMEWORK_SEARCH_PATHS = (
					"$(SDKROOT)/Developer/Library/Frameworks",
					"$(inherited)",
					"$(DEVELOPER_FRAMEWORKS_DIR)",
				);
				GCC_PRECOMPILE_PREFIX_HEADER = YES;
				GCC_PREFIX_HEADER = "Fetchable/Support/Fetchable-Prefix.pch";
				GCC_PREPROCESSOR_DEFINITIONS = (
					"DEBUG=1",
					"$(inherited)",
				);
				INFOPLIST_FILE = "Tests/FetchableExampleTests-Info.plist";
				PRODUCT_NAME = FetchableExampleTests;
				TEST_HOST = "$(BUNDLE_LOADER)";
				WRAPPER_EXTENSION = xctest;
			};
			name = Debug;
		};
		F89DC4A318616BF400FEB151 /* Release */ = {
			isa = XCBuildConfiguration;
			buildSettings = {
				BUNDLE_LOADER = "$(BUILT_PRODUCTS_DIR)/Fetchable.app/Fetchable";
				FRAMEWORK_SEARCH_PATHS = (
					"$(SDKROOT)/Developer/Library/Frameworks",
					"$(inherited)",
					"$(DEVELOPER_FRAMEWORKS_DIR)",
				);
				GCC_PRECOMPILE_PREFIX_HEADER = YES;
				GCC_PREFIX_HEADER = "Fetchable/Support/Fetchable-Prefix.pch";
				INFOPLIST_FILE = "Tests/FetchableExampleTests-Info.plist";
				PRODUCT_NAME = FetchableExampleTests;
				TEST_HOST = "$(BUNDLE_LOADER)";
				WRAPPER_EXTENSION = xctest;
			};
			name = Release;
		};
		F8B7C67F18B5CA1D00A9365E /* Debug */ = {
			isa = XCBuildConfiguration;
			buildSettings = {
				PRODUCT_NAME = "$(TARGET_NAME)";
			};
			name = Debug;
		};
		F8B7C68018B5CA1D00A9365E /* Release */ = {
			isa = XCBuildConfiguration;
			buildSettings = {
				PRODUCT_NAME = "$(TARGET_NAME)";
			};
			name = Release;
		};
/* End XCBuildConfiguration section */

/* Begin XCConfigurationList section */
		F89DC46D18616BF400FEB151 /* Build configuration list for PBXProject "FetchableExample" */ = {
			isa = XCConfigurationList;
			buildConfigurations = (
				F89DC49C18616BF400FEB151 /* Debug */,
				F89DC49D18616BF400FEB151 /* Release */,
			);
			defaultConfigurationIsVisible = 0;
			defaultConfigurationName = Release;
		};
		F89DC49E18616BF400FEB151 /* Build configuration list for PBXNativeTarget "FetchableExample" */ = {
			isa = XCConfigurationList;
			buildConfigurations = (
				F89DC49F18616BF400FEB151 /* Debug */,
				F89DC4A018616BF400FEB151 /* Release */,
			);
			defaultConfigurationIsVisible = 0;
			defaultConfigurationName = Release;
		};
		F89DC4A118616BF400FEB151 /* Build configuration list for PBXNativeTarget "FetchableExampleTests" */ = {
			isa = XCConfigurationList;
			buildConfigurations = (
				F89DC4A218616BF400FEB151 /* Debug */,
				F89DC4A318616BF400FEB151 /* Release */,
			);
			defaultConfigurationIsVisible = 0;
			defaultConfigurationName = Release;
		};
		F8B7C67E18B5CA1D00A9365E /* Build configuration list for PBXAggregateTarget "Mogenerator" */ = {
			isa = XCConfigurationList;
			buildConfigurations = (
				F8B7C67F18B5CA1D00A9365E /* Debug */,
				F8B7C68018B5CA1D00A9365E /* Release */,
			);
			defaultConfigurationIsVisible = 0;
			defaultConfigurationName = Release;
		};
/* End XCConfigurationList section */

/* Begin XCVersionGroup section */
		F8B7C68518B5CB8900A9365E /* Fetchable.xcdatamodeld */ = {
			isa = XCVersionGroup;
			children = (
				F8B7C68618B5CB8900A9365E /* Fetchable.xcdatamodel */,
			);
			currentVersion = F8B7C68618B5CB8900A9365E /* Fetchable.xcdatamodel */;
			path = Fetchable.xcdatamodeld;
			sourceTree = "<group>";
			versionGroupType = wrapper.xcdatamodel;
		};
/* End XCVersionGroup section */
	};
	rootObject = F89DC46A18616BF400FEB151 /* Project object */;
}
